
Microsoft Visual Studio Solution File, Format Version 12.00
# Visual Studio Version 16
VisualStudioVersion = 16.0.30523.141
MinimumVisualStudioVersion = 10.0.40219.1
Project("{FAE04EC0-301F-11D3-BF4B-00C04F79EFBC}") = "Practic5", "Practic5.csproj", "{8F2D10EF-833B-4A55-90C9-EB37720350FA}"
EndProject
Global
	GlobalSection(SolutionConfigurationPlatforms) = preSolution
		Debug|Any CPU = Debug|Any CPU
		Release|Any CPU = Release|Any CPU
	EndGlobalSection
	GlobalSection(ProjectConfigurationPlatforms) = postSolution
		{8F2D10EF-833B-4A55-90C9-EB37720350FA}.Debug|Any CPU.ActiveCfg = Debug|Any CPU
		{8F2D10EF-833B-4A55-90C9-EB37720350FA}.Debug|Any CPU.Build.0 = Debug|Any CPU
		{8F2D10EF-833B-4A55-90C9-EB37720350FA}.Release|Any CPU.ActiveCfg = Release|Any CPU
		{8F2D10EF-833B-4A55-90C9-EB37720350FA}.Release|Any CPU.Build.0 = Release|Any CPU
	EndGlobalSection
	GlobalSection(SolutionProperties) = preSolution
		HideSolutionNode = FALSE
	EndGlobalSection
	GlobalSection(ExtensibilityGlobals) = postSolution
		SolutionGuid = {620FE126-7FE8-4FF8-AD02-DECDDE98380C}
	EndGlobalSection
EndGlobal
